
Microsoft Visual Studio Solution File, Format Version 11.00
# Visual Studio 2010
Project("{8BC9CEB8-8B4A-11D0-8D11-00A0C91BC942}") = "foo_bpm", "foo_bpm\foo_bpm.vcxproj", "{1ECFA65B-450E-4D55-9ED9-2CD6F91D5A16}"
EndProject
Global
	GlobalSection(SolutionConfigurationPlatforms) = preSolution
		Debug|Win32 = Debug|Win32
		Release|Win32 = Release|Win32
	EndGlobalSection
	GlobalSection(ProjectConfigurationPlatforms) = postSolution
		{1ECFA65B-450E-4D55-9ED9-2CD6F91D5A16}.Debug|Win32.ActiveCfg = Debug|Win32
		{1ECFA65B-450E-4D55-9ED9-2CD6F91D5A16}.Debug|Win32.Build.0 = Debug|Win32
		{1ECFA65B-450E-4D55-9ED9-2CD6F91D5A16}.Release|Win32.ActiveCfg = Release|Win32
		{1ECFA65B-450E-4D55-9ED9-2CD6F91D5A16}.Release|Win32.Build.0 = Release|Win32
	EndGlobalSection
	GlobalSection(SolutionProperties) = preSolution
		HideSolutionNode = FALSE
	EndGlobalSection
EndGlobal
